{
  "name": "calixte",
  "version": "0.1.0",
  "lockfileVersion": 3,
  "requires": true,
  "packages": {
    "": {
      "name": "calixte",
      "version": "0.1.0",
      "workspaces": [
        "server",
        "client"
      ]
    },
    "client": {
      "name": "@calixte/client",
      "version": "0.1.0"
    },
    "node_modules/@calixte/client": {
      "resolved": "client",
      "link": true
    },
    "node_modules/@calixte/server": {
      "resolved": "server",
      "link": true
    },
    "server": {
      "name": "@calixte/server",
      "version": "0.2.0"
    }
  }
}
